{
  "name": "",
  "lockfileVersion": "",
  "requires": "",
  "packages": {
    "": {
      "dependencies": {
        "uuid": ""
      }
    },
    "node_modules/uuid": {
      "version": "",
      "resolved": "",
      "integrity": "",
      "bin": {
        "uuid": ""
      }
    }
  },
  "dependencies": {
    "uuid": {
      "version": "",
      "resolved": "",
      "integrity": ""
    }
  }
}
